
Microsoft Visual Studio Solution File, Format Version 12.00
# Visual Studio Version 16
VisualStudioVersion = 16.0.29409.12
MinimumVisualStudioVersion = 10.0.40219.1
Project("{9A19103F-16F7-4668-BE54-9A1E7A4F7556}") = "Blauhaus.DeviceServices.Abstractions", "Blauhaus.DeviceServices.Abstractions\Blauhaus.DeviceServices.Abstractions.csproj", "{6F9EDA29-FCD3-4189-B215-F2F9BFE71FD8}"
EndProject
Project("{9A19103F-16F7-4668-BE54-9A1E7A4F7556}") = "Blauhaus.DeviceServices", "Blauhaus.DeviceServices\Blauhaus.DeviceServices.csproj", "{FA738771-F806-4006-A104-4E5BBE57C03B}"
EndProject
Project("{2150E333-8FDC-42A3-9474-1A3956D46DE8}") = "Solution Items", "Solution Items", "{2B72F5BF-F37D-44D6-8245-A4BB4B4803D4}"
	ProjectSection(SolutionItems) = preProject
		..\.github\workflows\blauhaus_mac.yml = ..\.github\workflows\blauhaus_mac.yml
		..\.github\workflows\blauhaus_windows.yml = ..\.github\workflows\blauhaus_windows.yml
	EndProjectSection
EndProject
Project("{FAE04EC0-301F-11D3-BF4B-00C04F79EFBC}") = "Blauhaus.DeviceServices.Platforms.Android", "Blauhaus.DeviceServices.Platforms.Android\Blauhaus.DeviceServices.Platforms.Android.csproj", "{D6331B96-FABC-4FE3-894F-FA08EAD37AB9}"
EndProject
Project("{FAE04EC0-301F-11D3-BF4B-00C04F79EFBC}") = "Blauhaus.DeviceServices.Platforms.iOS", "Blauhaus.DeviceServices.Platforms.iOS\Blauhaus.DeviceServices.Platforms.iOS.csproj", "{C1229045-6017-4A0A-8B17-9F20A31B7966}"
EndProject
Project("{FAE04EC0-301F-11D3-BF4B-00C04F79EFBC}") = "Blauhaus.DeviceServices.Platforms.UWP", "Blauhaus.DeviceServices.Platforms.UWP\Blauhaus.DeviceServices.Platforms.UWP.csproj", "{401AB6D7-4412-474B-8FD9-28312D656F74}"
EndProject
Global
	GlobalSection(SolutionConfigurationPlatforms) = preSolution
		Debug|Any CPU = Debug|Any CPU
		Debug|ARM = Debug|ARM
		Debug|ARM64 = Debug|ARM64
		Debug|x64 = Debug|x64
		Debug|x86 = Debug|x86
		Release_Mac|Any CPU = Release_Mac|Any CPU
		Release_Mac|ARM = Release_Mac|ARM
		Release_Mac|ARM64 = Release_Mac|ARM64
		Release_Mac|x64 = Release_Mac|x64
		Release_Mac|x86 = Release_Mac|x86
		Release_Windows|Any CPU = Release_Windows|Any CPU
		Release_Windows|ARM = Release_Windows|ARM
		Release_Windows|ARM64 = Release_Windows|ARM64
		Release_Windows|x64 = Release_Windows|x64
		Release_Windows|x86 = Release_Windows|x86
		Release|Any CPU = Release|Any CPU
		Release|ARM = Release|ARM
		Release|ARM64 = Release|ARM64
		Release|x64 = Release|x64
		Release|x86 = Release|x86
	EndGlobalSection
	GlobalSection(ProjectConfigurationPlatforms) = postSolution
		{6F9EDA29-FCD3-4189-B215-F2F9BFE71FD8}.Debug|Any CPU.ActiveCfg = Debug|Any CPU
		{6F9EDA29-FCD3-4189-B215-F2F9BFE71FD8}.Debug|Any CPU.Build.0 = Debug|Any CPU
		{6F9EDA29-FCD3-4189-B215-F2F9BFE71FD8}.Debug|ARM.ActiveCfg = Debug|Any CPU
		{6F9EDA29-FCD3-4189-B215-F2F9BFE71FD8}.Debug|ARM.Build.0 = Debug|Any CPU
		{6F9EDA29-FCD3-4189-B215-F2F9BFE71FD8}.Debug|ARM64.ActiveCfg = Debug|Any CPU
		{6F9EDA29-FCD3-4189-B215-F2F9BFE71FD8}.Debug|ARM64.Build.0 = Debug|Any CPU
		{6F9EDA29-FCD3-4189-B215-F2F9BFE71FD8}.Debug|x64.ActiveCfg = Debug|Any CPU
		{6F9EDA29-FCD3-4189-B215-F2F9BFE71FD8}.Debug|x64.Build.0 = Debug|Any CPU
		{6F9EDA29-FCD3-4189-B215-F2F9BFE71FD8}.Debug|x86.ActiveCfg = Debug|Any CPU
		{6F9EDA29-FCD3-4189-B215-F2F9BFE71FD8}.Debug|x86.Build.0 = Debug|Any CPU
		{6F9EDA29-FCD3-4189-B215-F2F9BFE71FD8}.Release_Mac|Any CPU.ActiveCfg = Release|Any CPU
		{6F9EDA29-FCD3-4189-B215-F2F9BFE71FD8}.Release_Mac|Any CPU.Build.0 = Release|Any CPU
		{6F9EDA29-FCD3-4189-B215-F2F9BFE71FD8}.Release_Mac|ARM.ActiveCfg = Release|Any CPU
		{6F9EDA29-FCD3-4189-B215-F2F9BFE71FD8}.Release_Mac|ARM.Build.0 = Release|Any CPU
		{6F9EDA29-FCD3-4189-B215-F2F9BFE71FD8}.Release_Mac|ARM64.ActiveCfg = Release|Any CPU
		{6F9EDA29-FCD3-4189-B215-F2F9BFE71FD8}.Release_Mac|ARM64.Build.0 = Release|Any CPU
		{6F9EDA29-FCD3-4189-B215-F2F9BFE71FD8}.Release_Mac|x64.ActiveCfg = Release|Any CPU
		{6F9EDA29-FCD3-4189-B215-F2F9BFE71FD8}.Release_Mac|x64.Build.0 = Release|Any CPU
		{6F9EDA29-FCD3-4189-B215-F2F9BFE71FD8}.Release_Mac|x86.ActiveCfg = Release|Any CPU
		{6F9EDA29-FCD3-4189-B215-F2F9BFE71FD8}.Release_Mac|x86.Build.0 = Release|Any CPU
		{6F9EDA29-FCD3-4189-B215-F2F9BFE71FD8}.Release_Windows|Any CPU.ActiveCfg = Release|Any CPU
		{6F9EDA29-FCD3-4189-B215-F2F9BFE71FD8}.Release_Windows|Any CPU.Build.0 = Release|Any CPU
		{6F9EDA29-FCD3-4189-B215-F2F9BFE71FD8}.Release_Windows|ARM.ActiveCfg = Release|Any CPU
		{6F9EDA29-FCD3-4189-B215-F2F9BFE71FD8}.Release_Windows|ARM.Build.0 = Release|Any CPU
		{6F9EDA29-FCD3-4189-B215-F2F9BFE71FD8}.Release_Windows|ARM64.ActiveCfg = Release|Any CPU
		{6F9EDA29-FCD3-4189-B215-F2F9BFE71FD8}.Release_Windows|ARM64.Build.0 = Release|Any CPU
		{6F9EDA29-FCD3-4189-B215-F2F9BFE71FD8}.Release_Windows|x64.ActiveCfg = Release|Any CPU
		{6F9EDA29-FCD3-4189-B215-F2F9BFE71FD8}.Release_Windows|x64.Build.0 = Release|Any CPU
		{6F9EDA29-FCD3-4189-B215-F2F9BFE71FD8}.Release_Windows|x86.ActiveCfg = Release|Any CPU
		{6F9EDA29-FCD3-4189-B215-F2F9BFE71FD8}.Release_Windows|x86.Build.0 = Release|Any CPU
		{6F9EDA29-FCD3-4189-B215-F2F9BFE71FD8}.Release|Any CPU.ActiveCfg = Release|Any CPU
		{6F9EDA29-FCD3-4189-B215-F2F9BFE71FD8}.Release|Any CPU.Build.0 = Release|Any CPU
		{6F9EDA29-FCD3-4189-B215-F2F9BFE71FD8}.Release|ARM.ActiveCfg = Release|Any CPU
		{6F9EDA29-FCD3-4189-B215-F2F9BFE71FD8}.Release|ARM.Build.0 = Release|Any CPU
		{6F9EDA29-FCD3-4189-B215-F2F9BFE71FD8}.Release|ARM64.ActiveCfg = Release|Any CPU
		{6F9EDA29-FCD3-4189-B215-F2F9BFE71FD8}.Release|ARM64.Build.0 = Release|Any CPU
		{6F9EDA29-FCD3-4189-B215-F2F9BFE71FD8}.Release|x64.ActiveCfg = Release|Any CPU
		{6F9EDA29-FCD3-4189-B215-F2F9BFE71FD8}.Release|x64.Build.0 = Release|Any CPU
		{6F9EDA29-FCD3-4189-B215-F2F9BFE71FD8}.Release|x86.ActiveCfg = Release|Any CPU
		{6F9EDA29-FCD3-4189-B215-F2F9BFE71FD8}.Release|x86.Build.0 = Release|Any CPU
		{FA738771-F806-4006-A104-4E5BBE57C03B}.Debug|Any CPU.ActiveCfg = Debug|Any CPU
		{FA738771-F806-4006-A104-4E5BBE57C03B}.Debug|Any CPU.Build.0 = Debug|Any CPU
		{FA738771-F806-4006-A104-4E5BBE57C03B}.Debug|ARM.ActiveCfg = Debug|Any CPU
		{FA738771-F806-4006-A104-4E5BBE57C03B}.Debug|ARM.Build.0 = Debug|Any CPU
		{FA738771-F806-4006-A104-4E5BBE57C03B}.Debug|ARM64.ActiveCfg = Debug|Any CPU
		{FA738771-F806-4006-A104-4E5BBE57C03B}.Debug|ARM64.Build.0 = Debug|Any CPU
		{FA738771-F806-4006-A104-4E5BBE57C03B}.Debug|x64.ActiveCfg = Debug|Any CPU
		{FA738771-F806-4006-A104-4E5BBE57C03B}.Debug|x64.Build.0 = Debug|Any CPU
		{FA738771-F806-4006-A104-4E5BBE57C03B}.Debug|x86.ActiveCfg = Debug|Any CPU
		{FA738771-F806-4006-A104-4E5BBE57C03B}.Debug|x86.Build.0 = Debug|Any CPU
		{FA738771-F806-4006-A104-4E5BBE57C03B}.Release_Mac|Any CPU.ActiveCfg = Release|Any CPU
		{FA738771-F806-4006-A104-4E5BBE57C03B}.Release_Mac|Any CPU.Build.0 = Release|Any CPU
		{FA738771-F806-4006-A104-4E5BBE57C03B}.Release_Mac|ARM.ActiveCfg = Release|Any CPU
		{FA738771-F806-4006-A104-4E5BBE57C03B}.Release_Mac|ARM.Build.0 = Release|Any CPU
		{FA738771-F806-4006-A104-4E5BBE57C03B}.Release_Mac|ARM64.ActiveCfg = Release|Any CPU
		{FA738771-F806-4006-A104-4E5BBE57C03B}.Release_Mac|ARM64.Build.0 = Release|Any CPU
		{FA738771-F806-4006-A104-4E5BBE57C03B}.Release_Mac|x64.ActiveCfg = Release|Any CPU
		{FA738771-F806-4006-A104-4E5BBE57C03B}.Release_Mac|x64.Build.0 = Release|Any CPU
		{FA738771-F806-4006-A104-4E5BBE57C03B}.Release_Mac|x86.ActiveCfg = Release|Any CPU
		{FA738771-F806-4006-A104-4E5BBE57C03B}.Release_Mac|x86.Build.0 = Release|Any CPU
		{FA738771-F806-4006-A104-4E5BBE57C03B}.Release_Windows|Any CPU.ActiveCfg = Release|Any CPU
		{FA738771-F806-4006-A104-4E5BBE57C03B}.Release_Windows|Any CPU.Build.0 = Release|Any CPU
		{FA738771-F806-4006-A104-4E5BBE57C03B}.Release_Windows|ARM.ActiveCfg = Release|Any CPU
		{FA738771-F806-4006-A104-4E5BBE57C03B}.Release_Windows|ARM.Build.0 = Release|Any CPU
		{FA738771-F806-4006-A104-4E5BBE57C03B}.Release_Windows|ARM64.ActiveCfg = Release|Any CPU
		{FA738771-F806-4006-A104-4E5BBE57C03B}.Release_Windows|ARM64.Build.0 = Release|Any CPU
		{FA738771-F806-4006-A104-4E5BBE57C03B}.Release_Windows|x64.ActiveCfg = Release|Any CPU
		{FA738771-F806-4006-A104-4E5BBE57C03B}.Release_Windows|x64.Build.0 = Release|Any CPU
		{FA738771-F806-4006-A104-4E5BBE57C03B}.Release_Windows|x86.ActiveCfg = Release|Any CPU
		{FA738771-F806-4006-A104-4E5BBE57C03B}.Release_Windows|x86.Build.0 = Release|Any CPU
		{FA738771-F806-4006-A104-4E5BBE57C03B}.Release|Any CPU.ActiveCfg = Release|Any CPU
		{FA738771-F806-4006-A104-4E5BBE57C03B}.Release|Any CPU.Build.0 = Release|Any CPU
		{FA738771-F806-4006-A104-4E5BBE57C03B}.Release|ARM.ActiveCfg = Release|Any CPU
		{FA738771-F806-4006-A104-4E5BBE57C03B}.Release|ARM.Build.0 = Release|Any CPU
		{FA738771-F806-4006-A104-4E5BBE57C03B}.Release|ARM64.ActiveCfg = Release|Any CPU
		{FA738771-F806-4006-A104-4E5BBE57C03B}.Release|ARM64.Build.0 = Release|Any CPU
		{FA738771-F806-4006-A104-4E5BBE57C03B}.Release|x64.ActiveCfg = Release|Any CPU
		{FA738771-F806-4006-A104-4E5BBE57C03B}.Release|x64.Build.0 = Release|Any CPU
		{FA738771-F806-4006-A104-4E5BBE57C03B}.Release|x86.ActiveCfg = Release|Any CPU
		{FA738771-F806-4006-A104-4E5BBE57C03B}.Release|x86.Build.0 = Release|Any CPU
		{D6331B96-FABC-4FE3-894F-FA08EAD37AB9}.Debug|Any CPU.ActiveCfg = Debug|Any CPU
		{D6331B96-FABC-4FE3-894F-FA08EAD37AB9}.Debug|Any CPU.Build.0 = Debug|Any CPU
		{D6331B96-FABC-4FE3-894F-FA08EAD37AB9}.Debug|ARM.ActiveCfg = Debug|Any CPU
		{D6331B96-FABC-4FE3-894F-FA08EAD37AB9}.Debug|ARM.Build.0 = Debug|Any CPU
		{D6331B96-FABC-4FE3-894F-FA08EAD37AB9}.Debug|ARM64.ActiveCfg = Debug|Any CPU
		{D6331B96-FABC-4FE3-894F-FA08EAD37AB9}.Debug|ARM64.Build.0 = Debug|Any CPU
		{D6331B96-FABC-4FE3-894F-FA08EAD37AB9}.Debug|x64.ActiveCfg = Debug|Any CPU
		{D6331B96-FABC-4FE3-894F-FA08EAD37AB9}.Debug|x64.Build.0 = Debug|Any CPU
		{D6331B96-FABC-4FE3-894F-FA08EAD37AB9}.Debug|x86.ActiveCfg = Debug|Any CPU
		{D6331B96-FABC-4FE3-894F-FA08EAD37AB9}.Debug|x86.Build.0 = Debug|Any CPU
		{D6331B96-FABC-4FE3-894F-FA08EAD37AB9}.Release_Mac|Any CPU.ActiveCfg = Release|Any CPU
		{D6331B96-FABC-4FE3-894F-FA08EAD37AB9}.Release_Mac|Any CPU.Build.0 = Release|Any CPU
		{D6331B96-FABC-4FE3-894F-FA08EAD37AB9}.Release_Mac|ARM.ActiveCfg = Release|Any CPU
		{D6331B96-FABC-4FE3-894F-FA08EAD37AB9}.Release_Mac|ARM.Build.0 = Release|Any CPU
		{D6331B96-FABC-4FE3-894F-FA08EAD37AB9}.Release_Mac|ARM64.ActiveCfg = Release|Any CPU
		{D6331B96-FABC-4FE3-894F-FA08EAD37AB9}.Release_Mac|ARM64.Build.0 = Release|Any CPU
		{D6331B96-FABC-4FE3-894F-FA08EAD37AB9}.Release_Mac|x64.ActiveCfg = Release|Any CPU
		{D6331B96-FABC-4FE3-894F-FA08EAD37AB9}.Release_Mac|x64.Build.0 = Release|Any CPU
		{D6331B96-FABC-4FE3-894F-FA08EAD37AB9}.Release_Mac|x86.ActiveCfg = Release|Any CPU
		{D6331B96-FABC-4FE3-894F-FA08EAD37AB9}.Release_Mac|x86.Build.0 = Release|Any CPU
		{D6331B96-FABC-4FE3-894F-FA08EAD37AB9}.Release_Windows|Any CPU.ActiveCfg = Release|Any CPU
		{D6331B96-FABC-4FE3-894F-FA08EAD37AB9}.Release_Windows|ARM.ActiveCfg = Release|Any CPU
		{D6331B96-FABC-4FE3-894F-FA08EAD37AB9}.Release_Windows|ARM.Build.0 = Release|Any CPU
		{D6331B96-FABC-4FE3-894F-FA08EAD37AB9}.Release_Windows|ARM64.ActiveCfg = Release|Any CPU
		{D6331B96-FABC-4FE3-894F-FA08EAD37AB9}.Release_Windows|ARM64.Build.0 = Release|Any CPU
		{D6331B96-FABC-4FE3-894F-FA08EAD37AB9}.Release_Windows|x64.ActiveCfg = Release|Any CPU
		{D6331B96-FABC-4FE3-894F-FA08EAD37AB9}.Release_Windows|x64.Build.0 = Release|Any CPU
		{D6331B96-FABC-4FE3-894F-FA08EAD37AB9}.Release_Windows|x86.ActiveCfg = Release|Any CPU
		{D6331B96-FABC-4FE3-894F-FA08EAD37AB9}.Release_Windows|x86.Build.0 = Release|Any CPU
		{D6331B96-FABC-4FE3-894F-FA08EAD37AB9}.Release|Any CPU.ActiveCfg = Release|Any CPU
		{D6331B96-FABC-4FE3-894F-FA08EAD37AB9}.Release|Any CPU.Build.0 = Release|Any CPU
		{D6331B96-FABC-4FE3-894F-FA08EAD37AB9}.Release|ARM.ActiveCfg = Release|Any CPU
		{D6331B96-FABC-4FE3-894F-FA08EAD37AB9}.Release|ARM.Build.0 = Release|Any CPU
		{D6331B96-FABC-4FE3-894F-FA08EAD37AB9}.Release|ARM64.ActiveCfg = Release|Any CPU
		{D6331B96-FABC-4FE3-894F-FA08EAD37AB9}.Release|ARM64.Build.0 = Release|Any CPU
		{D6331B96-FABC-4FE3-894F-FA08EAD37AB9}.Release|x64.ActiveCfg = Release|Any CPU
		{D6331B96-FABC-4FE3-894F-FA08EAD37AB9}.Release|x64.Build.0 = Release|Any CPU
		{D6331B96-FABC-4FE3-894F-FA08EAD37AB9}.Release|x86.ActiveCfg = Release|Any CPU
		{D6331B96-FABC-4FE3-894F-FA08EAD37AB9}.Release|x86.Build.0 = Release|Any CPU
		{C1229045-6017-4A0A-8B17-9F20A31B7966}.Debug|Any CPU.ActiveCfg = Debug|Any CPU
		{C1229045-6017-4A0A-8B17-9F20A31B7966}.Debug|Any CPU.Build.0 = Debug|Any CPU
		{C1229045-6017-4A0A-8B17-9F20A31B7966}.Debug|ARM.ActiveCfg = Debug|Any CPU
		{C1229045-6017-4A0A-8B17-9F20A31B7966}.Debug|ARM.Build.0 = Debug|Any CPU
		{C1229045-6017-4A0A-8B17-9F20A31B7966}.Debug|ARM64.ActiveCfg = Debug|Any CPU
		{C1229045-6017-4A0A-8B17-9F20A31B7966}.Debug|ARM64.Build.0 = Debug|Any CPU
		{C1229045-6017-4A0A-8B17-9F20A31B7966}.Debug|x64.ActiveCfg = Debug|Any CPU
		{C1229045-6017-4A0A-8B17-9F20A31B7966}.Debug|x64.Build.0 = Debug|Any CPU
		{C1229045-6017-4A0A-8B17-9F20A31B7966}.Debug|x86.ActiveCfg = Debug|Any CPU
		{C1229045-6017-4A0A-8B17-9F20A31B7966}.Debug|x86.Build.0 = Debug|Any CPU
		{C1229045-6017-4A0A-8B17-9F20A31B7966}.Release_Mac|Any CPU.ActiveCfg = Release|Any CPU
		{C1229045-6017-4A0A-8B17-9F20A31B7966}.Release_Mac|Any CPU.Build.0 = Release|Any CPU
		{C1229045-6017-4A0A-8B17-9F20A31B7966}.Release_Mac|ARM.ActiveCfg = Release|Any CPU
		{C1229045-6017-4A0A-8B17-9F20A31B7966}.Release_Mac|ARM.Build.0 = Release|Any CPU
		{C1229045-6017-4A0A-8B17-9F20A31B7966}.Release_Mac|ARM64.ActiveCfg = Release|Any CPU
		{C1229045-6017-4A0A-8B17-9F20A31B7966}.Release_Mac|ARM64.Build.0 = Release|Any CPU
		{C1229045-6017-4A0A-8B17-9F20A31B7966}.Release_Mac|x64.ActiveCfg = Release|Any CPU
		{C1229045-6017-4A0A-8B17-9F20A31B7966}.Release_Mac|x64.Build.0 = Release|Any CPU
		{C1229045-6017-4A0A-8B17-9F20A31B7966}.Release_Mac|x86.ActiveCfg = Release|Any CPU
		{C1229045-6017-4A0A-8B17-9F20A31B7966}.Release_Mac|x86.Build.0 = Release|Any CPU
		{C1229045-6017-4A0A-8B17-9F20A31B7966}.Release_Windows|Any CPU.ActiveCfg = Release|Any CPU
		{C1229045-6017-4A0A-8B17-9F20A31B7966}.Release_Windows|ARM.ActiveCfg = Release|Any CPU
		{C1229045-6017-4A0A-8B17-9F20A31B7966}.Release_Windows|ARM.Build.0 = Release|Any CPU
		{C1229045-6017-4A0A-8B17-9F20A31B7966}.Release_Windows|ARM64.ActiveCfg = Release|Any CPU
		{C1229045-6017-4A0A-8B17-9F20A31B7966}.Release_Windows|ARM64.Build.0 = Release|Any CPU
		{C1229045-6017-4A0A-8B17-9F20A31B7966}.Release_Windows|x64.ActiveCfg = Release|Any CPU
		{C1229045-6017-4A0A-8B17-9F20A31B7966}.Release_Windows|x64.Build.0 = Release|Any CPU
		{C1229045-6017-4A0A-8B17-9F20A31B7966}.Release_Windows|x86.ActiveCfg = Release|Any CPU
		{C1229045-6017-4A0A-8B17-9F20A31B7966}.Release_Windows|x86.Build.0 = Release|Any CPU
		{C1229045-6017-4A0A-8B17-9F20A31B7966}.Release|Any CPU.ActiveCfg = Release|Any CPU
		{C1229045-6017-4A0A-8B17-9F20A31B7966}.Release|Any CPU.Build.0 = Release|Any CPU
		{C1229045-6017-4A0A-8B17-9F20A31B7966}.Release|ARM.ActiveCfg = Release|Any CPU
		{C1229045-6017-4A0A-8B17-9F20A31B7966}.Release|ARM.Build.0 = Release|Any CPU
		{C1229045-6017-4A0A-8B17-9F20A31B7966}.Release|ARM64.ActiveCfg = Release|Any CPU
		{C1229045-6017-4A0A-8B17-9F20A31B7966}.Release|ARM64.Build.0 = Release|Any CPU
		{C1229045-6017-4A0A-8B17-9F20A31B7966}.Release|x64.ActiveCfg = Release|Any CPU
		{C1229045-6017-4A0A-8B17-9F20A31B7966}.Release|x64.Build.0 = Release|Any CPU
		{C1229045-6017-4A0A-8B17-9F20A31B7966}.Release|x86.ActiveCfg = Release|Any CPU
		{C1229045-6017-4A0A-8B17-9F20A31B7966}.Release|x86.Build.0 = Release|Any CPU
		{401AB6D7-4412-474B-8FD9-28312D656F74}.Debug|Any CPU.ActiveCfg = Debug|Any CPU
		{401AB6D7-4412-474B-8FD9-28312D656F74}.Debug|Any CPU.Build.0 = Debug|Any CPU
		{401AB6D7-4412-474B-8FD9-28312D656F74}.Debug|ARM.ActiveCfg = Debug|ARM
		{401AB6D7-4412-474B-8FD9-28312D656F74}.Debug|ARM.Build.0 = Debug|ARM
		{401AB6D7-4412-474B-8FD9-28312D656F74}.Debug|ARM64.ActiveCfg = Debug|ARM64
		{401AB6D7-4412-474B-8FD9-28312D656F74}.Debug|ARM64.Build.0 = Debug|ARM64
		{401AB6D7-4412-474B-8FD9-28312D656F74}.Debug|x64.ActiveCfg = Debug|x64
		{401AB6D7-4412-474B-8FD9-28312D656F74}.Debug|x64.Build.0 = Debug|x64
		{401AB6D7-4412-474B-8FD9-28312D656F74}.Debug|x86.ActiveCfg = Debug|x86
		{401AB6D7-4412-474B-8FD9-28312D656F74}.Debug|x86.Build.0 = Debug|x86
		{401AB6D7-4412-474B-8FD9-28312D656F74}.Release_Mac|Any CPU.ActiveCfg = Release|Any CPU
		{401AB6D7-4412-474B-8FD9-28312D656F74}.Release_Mac|ARM.ActiveCfg = Release|ARM
		{401AB6D7-4412-474B-8FD9-28312D656F74}.Release_Mac|ARM.Build.0 = Release|ARM
		{401AB6D7-4412-474B-8FD9-28312D656F74}.Release_Mac|ARM64.ActiveCfg = Release|ARM64
		{401AB6D7-4412-474B-8FD9-28312D656F74}.Release_Mac|ARM64.Build.0 = Release|ARM64
		{401AB6D7-4412-474B-8FD9-28312D656F74}.Release_Mac|x64.ActiveCfg = Release|x64
		{401AB6D7-4412-474B-8FD9-28312D656F74}.Release_Mac|x64.Build.0 = Release|x64
		{401AB6D7-4412-474B-8FD9-28312D656F74}.Release_Mac|x86.ActiveCfg = Release|x86
		{401AB6D7-4412-474B-8FD9-28312D656F74}.Release_Mac|x86.Build.0 = Release|x86
		{401AB6D7-4412-474B-8FD9-28312D656F74}.Release_Windows|Any CPU.ActiveCfg = Release|Any CPU
		{401AB6D7-4412-474B-8FD9-28312D656F74}.Release_Windows|Any CPU.Build.0 = Release|Any CPU
		{401AB6D7-4412-474B-8FD9-28312D656F74}.Release_Windows|ARM.ActiveCfg = Release|ARM
		{401AB6D7-4412-474B-8FD9-28312D656F74}.Release_Windows|ARM.Build.0 = Release|ARM
		{401AB6D7-4412-474B-8FD9-28312D656F74}.Release_Windows|ARM64.ActiveCfg = Release|ARM64
		{401AB6D7-4412-474B-8FD9-28312D656F74}.Release_Windows|ARM64.Build.0 = Release|ARM64
		{401AB6D7-4412-474B-8FD9-28312D656F74}.Release_Windows|x64.ActiveCfg = Release|x64
		{401AB6D7-4412-474B-8FD9-28312D656F74}.Release_Windows|x64.Build.0 = Release|x64
		{401AB6D7-4412-474B-8FD9-28312D656F74}.Release_Windows|x86.ActiveCfg = Release|x86
		{401AB6D7-4412-474B-8FD9-28312D656F74}.Release_Windows|x86.Build.0 = Release|x86
		{401AB6D7-4412-474B-8FD9-28312D656F74}.Release|Any CPU.ActiveCfg = Release|Any CPU
		{401AB6D7-4412-474B-8FD9-28312D656F74}.Release|Any CPU.Build.0 = Release|Any CPU
		{401AB6D7-4412-474B-8FD9-28312D656F74}.Release|ARM.ActiveCfg = Release|ARM
		{401AB6D7-4412-474B-8FD9-28312D656F74}.Release|ARM.Build.0 = Release|ARM
		{401AB6D7-4412-474B-8FD9-28312D656F74}.Release|ARM64.ActiveCfg = Release|ARM64
		{401AB6D7-4412-474B-8FD9-28312D656F74}.Release|ARM64.Build.0 = Release|ARM64
		{401AB6D7-4412-474B-8FD9-28312D656F74}.Release|x64.ActiveCfg = Release|x64
		{401AB6D7-4412-474B-8FD9-28312D656F74}.Release|x64.Build.0 = Release|x64
		{401AB6D7-4412-474B-8FD9-28312D656F74}.Release|x86.ActiveCfg = Release|x86
		{401AB6D7-4412-474B-8FD9-28312D656F74}.Release|x86.Build.0 = Release|x86
	EndGlobalSection
	GlobalSection(SolutionProperties) = preSolution
		HideSolutionNode = FALSE
	EndGlobalSection
	GlobalSection(ExtensibilityGlobals) = postSolution
		SolutionGuid = {F062557E-F2BD-4056-AEF3-AF1EFEE4A51B}
	EndGlobalSection
EndGlobal
