
Microsoft Visual Studio Solution File, Format Version 12.00
# Visual Studio Version 17
VisualStudioVersion = 17.2.32317.152
MinimumVisualStudioVersion = 10.0.40219.1
Project("{9A19103F-16F7-4668-BE54-9A1E7A4F7556}") = "Blauhaus.DeviceServices.Abstractions", "Blauhaus.DeviceServices.Abstractions\Blauhaus.DeviceServices.Abstractions.csproj", "{6F9EDA29-FCD3-4189-B215-F2F9BFE71FD8}"
EndProject
Project("{9A19103F-16F7-4668-BE54-9A1E7A4F7556}") = "Blauhaus.DeviceServices", "Blauhaus.DeviceServices\Blauhaus.DeviceServices.csproj", "{FA738771-F806-4006-A104-4E5BBE57C03B}"
EndProject
Project("{2150E333-8FDC-42A3-9474-1A3956D46DE8}") = "Solution Items", "Solution Items", "{2B72F5BF-F37D-44D6-8245-A4BB4B4803D4}"
	ProjectSection(SolutionItems) = preProject
		..\.pipelines\azure-uwp.yml = ..\.pipelines\azure-uwp.yml
	EndProjectSection
EndProject
Project("{9A19103F-16F7-4668-BE54-9A1E7A4F7556}") = "Blauhaus.DeviceServices.TestHelpers", "Blauhaus.DeviceServices.TestHelpers\Blauhaus.DeviceServices.TestHelpers.csproj", "{94BD2950-A903-4BA3-9284-4919575C14AF}"
EndProject
Project("{9A19103F-16F7-4668-BE54-9A1E7A4F7556}") = "Blauhaus.DeviceServices.Maui", "Blauhaus.DeviceServices.Maui\Blauhaus.DeviceServices.Maui.csproj", "{16030DB2-EA51-4162-8629-7BBDA0887B1A}"
EndProject
Project("{9A19103F-16F7-4668-BE54-9A1E7A4F7556}") = "Blauhaus.DeviceServices.Blazor", "Blauhaus.DeviceServices.Blazor\Blauhaus.DeviceServices.Blazor.csproj", "{6F84778C-F861-4F36-9FEB-DE3E153343D6}"
EndProject
Global
	GlobalSection(SolutionConfigurationPlatforms) = preSolution
		Debug|Any CPU = Debug|Any CPU
		Debug|ARM = Debug|ARM
		Debug|ARM64 = Debug|ARM64
		Debug|iPhone = Debug|iPhone
		Debug|iPhoneSimulator = Debug|iPhoneSimulator
		Debug|x64 = Debug|x64
		Debug|x86 = Debug|x86
		Release|Any CPU = Release|Any CPU
		Release|ARM = Release|ARM
		Release|ARM64 = Release|ARM64
		Release|iPhone = Release|iPhone
		Release|iPhoneSimulator = Release|iPhoneSimulator
		Release|x64 = Release|x64
		Release|x86 = Release|x86
	EndGlobalSection
	GlobalSection(ProjectConfigurationPlatforms) = postSolution
		{6F9EDA29-FCD3-4189-B215-F2F9BFE71FD8}.Debug|Any CPU.ActiveCfg = Debug|Any CPU
		{6F9EDA29-FCD3-4189-B215-F2F9BFE71FD8}.Debug|Any CPU.Build.0 = Debug|Any CPU
		{6F9EDA29-FCD3-4189-B215-F2F9BFE71FD8}.Debug|ARM.ActiveCfg = Debug|Any CPU
		{6F9EDA29-FCD3-4189-B215-F2F9BFE71FD8}.Debug|ARM.Build.0 = Debug|Any CPU
		{6F9EDA29-FCD3-4189-B215-F2F9BFE71FD8}.Debug|ARM64.ActiveCfg = Debug|Any CPU
		{6F9EDA29-FCD3-4189-B215-F2F9BFE71FD8}.Debug|ARM64.Build.0 = Debug|Any CPU
		{6F9EDA29-FCD3-4189-B215-F2F9BFE71FD8}.Debug|iPhone.ActiveCfg = Debug|Any CPU
		{6F9EDA29-FCD3-4189-B215-F2F9BFE71FD8}.Debug|iPhone.Build.0 = Debug|Any CPU
		{6F9EDA29-FCD3-4189-B215-F2F9BFE71FD8}.Debug|iPhoneSimulator.ActiveCfg = Debug|Any CPU
		{6F9EDA29-FCD3-4189-B215-F2F9BFE71FD8}.Debug|iPhoneSimulator.Build.0 = Debug|Any CPU
		{6F9EDA29-FCD3-4189-B215-F2F9BFE71FD8}.Debug|x64.ActiveCfg = Debug|Any CPU
		{6F9EDA29-FCD3-4189-B215-F2F9BFE71FD8}.Debug|x64.Build.0 = Debug|Any CPU
		{6F9EDA29-FCD3-4189-B215-F2F9BFE71FD8}.Debug|x86.ActiveCfg = Debug|Any CPU
		{6F9EDA29-FCD3-4189-B215-F2F9BFE71FD8}.Debug|x86.Build.0 = Debug|Any CPU
		{6F9EDA29-FCD3-4189-B215-F2F9BFE71FD8}.Release|Any CPU.ActiveCfg = Release|Any CPU
		{6F9EDA29-FCD3-4189-B215-F2F9BFE71FD8}.Release|Any CPU.Build.0 = Release|Any CPU
		{6F9EDA29-FCD3-4189-B215-F2F9BFE71FD8}.Release|ARM.ActiveCfg = Release|Any CPU
		{6F9EDA29-FCD3-4189-B215-F2F9BFE71FD8}.Release|ARM.Build.0 = Release|Any CPU
		{6F9EDA29-FCD3-4189-B215-F2F9BFE71FD8}.Release|ARM64.ActiveCfg = Release|Any CPU
		{6F9EDA29-FCD3-4189-B215-F2F9BFE71FD8}.Release|ARM64.Build.0 = Release|Any CPU
		{6F9EDA29-FCD3-4189-B215-F2F9BFE71FD8}.Release|iPhone.ActiveCfg = Release|Any CPU
		{6F9EDA29-FCD3-4189-B215-F2F9BFE71FD8}.Release|iPhone.Build.0 = Release|Any CPU
		{6F9EDA29-FCD3-4189-B215-F2F9BFE71FD8}.Release|iPhoneSimulator.ActiveCfg = Release|Any CPU
		{6F9EDA29-FCD3-4189-B215-F2F9BFE71FD8}.Release|iPhoneSimulator.Build.0 = Release|Any CPU
		{6F9EDA29-FCD3-4189-B215-F2F9BFE71FD8}.Release|x64.ActiveCfg = Release|Any CPU
		{6F9EDA29-FCD3-4189-B215-F2F9BFE71FD8}.Release|x64.Build.0 = Release|Any CPU
		{6F9EDA29-FCD3-4189-B215-F2F9BFE71FD8}.Release|x86.ActiveCfg = Release|Any CPU
		{6F9EDA29-FCD3-4189-B215-F2F9BFE71FD8}.Release|x86.Build.0 = Release|Any CPU
		{FA738771-F806-4006-A104-4E5BBE57C03B}.Debug|Any CPU.ActiveCfg = Debug|Any CPU
		{FA738771-F806-4006-A104-4E5BBE57C03B}.Debug|Any CPU.Build.0 = Debug|Any CPU
		{FA738771-F806-4006-A104-4E5BBE57C03B}.Debug|ARM.ActiveCfg = Debug|Any CPU
		{FA738771-F806-4006-A104-4E5BBE57C03B}.Debug|ARM.Build.0 = Debug|Any CPU
		{FA738771-F806-4006-A104-4E5BBE57C03B}.Debug|ARM64.ActiveCfg = Debug|Any CPU
		{FA738771-F806-4006-A104-4E5BBE57C03B}.Debug|ARM64.Build.0 = Debug|Any CPU
		{FA738771-F806-4006-A104-4E5BBE57C03B}.Debug|iPhone.ActiveCfg = Debug|Any CPU
		{FA738771-F806-4006-A104-4E5BBE57C03B}.Debug|iPhone.Build.0 = Debug|Any CPU
		{FA738771-F806-4006-A104-4E5BBE57C03B}.Debug|iPhoneSimulator.ActiveCfg = Debug|Any CPU
		{FA738771-F806-4006-A104-4E5BBE57C03B}.Debug|iPhoneSimulator.Build.0 = Debug|Any CPU
		{FA738771-F806-4006-A104-4E5BBE57C03B}.Debug|x64.ActiveCfg = Debug|Any CPU
		{FA738771-F806-4006-A104-4E5BBE57C03B}.Debug|x64.Build.0 = Debug|Any CPU
		{FA738771-F806-4006-A104-4E5BBE57C03B}.Debug|x86.ActiveCfg = Debug|Any CPU
		{FA738771-F806-4006-A104-4E5BBE57C03B}.Debug|x86.Build.0 = Debug|Any CPU
		{FA738771-F806-4006-A104-4E5BBE57C03B}.Release|Any CPU.ActiveCfg = Release|Any CPU
		{FA738771-F806-4006-A104-4E5BBE57C03B}.Release|Any CPU.Build.0 = Release|Any CPU
		{FA738771-F806-4006-A104-4E5BBE57C03B}.Release|ARM.ActiveCfg = Release|Any CPU
		{FA738771-F806-4006-A104-4E5BBE57C03B}.Release|ARM.Build.0 = Release|Any CPU
		{FA738771-F806-4006-A104-4E5BBE57C03B}.Release|ARM64.ActiveCfg = Release|Any CPU
		{FA738771-F806-4006-A104-4E5BBE57C03B}.Release|ARM64.Build.0 = Release|Any CPU
		{FA738771-F806-4006-A104-4E5BBE57C03B}.Release|iPhone.ActiveCfg = Release|Any CPU
		{FA738771-F806-4006-A104-4E5BBE57C03B}.Release|iPhone.Build.0 = Release|Any CPU
		{FA738771-F806-4006-A104-4E5BBE57C03B}.Release|iPhoneSimulator.ActiveCfg = Release|Any CPU
		{FA738771-F806-4006-A104-4E5BBE57C03B}.Release|iPhoneSimulator.Build.0 = Release|Any CPU
		{FA738771-F806-4006-A104-4E5BBE57C03B}.Release|x64.ActiveCfg = Release|Any CPU
		{FA738771-F806-4006-A104-4E5BBE57C03B}.Release|x64.Build.0 = Release|Any CPU
		{FA738771-F806-4006-A104-4E5BBE57C03B}.Release|x86.ActiveCfg = Release|Any CPU
		{FA738771-F806-4006-A104-4E5BBE57C03B}.Release|x86.Build.0 = Release|Any CPU
		{94BD2950-A903-4BA3-9284-4919575C14AF}.Debug|Any CPU.ActiveCfg = Debug|Any CPU
		{94BD2950-A903-4BA3-9284-4919575C14AF}.Debug|Any CPU.Build.0 = Debug|Any CPU
		{94BD2950-A903-4BA3-9284-4919575C14AF}.Debug|ARM.ActiveCfg = Debug|Any CPU
		{94BD2950-A903-4BA3-9284-4919575C14AF}.Debug|ARM.Build.0 = Debug|Any CPU
		{94BD2950-A903-4BA3-9284-4919575C14AF}.Debug|ARM64.ActiveCfg = Debug|Any CPU
		{94BD2950-A903-4BA3-9284-4919575C14AF}.Debug|ARM64.Build.0 = Debug|Any CPU
		{94BD2950-A903-4BA3-9284-4919575C14AF}.Debug|iPhone.ActiveCfg = Debug|Any CPU
		{94BD2950-A903-4BA3-9284-4919575C14AF}.Debug|iPhone.Build.0 = Debug|Any CPU
		{94BD2950-A903-4BA3-9284-4919575C14AF}.Debug|iPhoneSimulator.ActiveCfg = Debug|Any CPU
		{94BD2950-A903-4BA3-9284-4919575C14AF}.Debug|iPhoneSimulator.Build.0 = Debug|Any CPU
		{94BD2950-A903-4BA3-9284-4919575C14AF}.Debug|x64.ActiveCfg = Debug|Any CPU
		{94BD2950-A903-4BA3-9284-4919575C14AF}.Debug|x64.Build.0 = Debug|Any CPU
		{94BD2950-A903-4BA3-9284-4919575C14AF}.Debug|x86.ActiveCfg = Debug|Any CPU
		{94BD2950-A903-4BA3-9284-4919575C14AF}.Debug|x86.Build.0 = Debug|Any CPU
		{94BD2950-A903-4BA3-9284-4919575C14AF}.Release|Any CPU.ActiveCfg = Release|Any CPU
		{94BD2950-A903-4BA3-9284-4919575C14AF}.Release|Any CPU.Build.0 = Release|Any CPU
		{94BD2950-A903-4BA3-9284-4919575C14AF}.Release|ARM.ActiveCfg = Release|Any CPU
		{94BD2950-A903-4BA3-9284-4919575C14AF}.Release|ARM.Build.0 = Release|Any CPU
		{94BD2950-A903-4BA3-9284-4919575C14AF}.Release|ARM64.ActiveCfg = Release|Any CPU
		{94BD2950-A903-4BA3-9284-4919575C14AF}.Release|ARM64.Build.0 = Release|Any CPU
		{94BD2950-A903-4BA3-9284-4919575C14AF}.Release|iPhone.ActiveCfg = Release|Any CPU
		{94BD2950-A903-4BA3-9284-4919575C14AF}.Release|iPhone.Build.0 = Release|Any CPU
		{94BD2950-A903-4BA3-9284-4919575C14AF}.Release|iPhoneSimulator.ActiveCfg = Release|Any CPU
		{94BD2950-A903-4BA3-9284-4919575C14AF}.Release|iPhoneSimulator.Build.0 = Release|Any CPU
		{94BD2950-A903-4BA3-9284-4919575C14AF}.Release|x64.ActiveCfg = Release|Any CPU
		{94BD2950-A903-4BA3-9284-4919575C14AF}.Release|x64.Build.0 = Release|Any CPU
		{94BD2950-A903-4BA3-9284-4919575C14AF}.Release|x86.ActiveCfg = Release|Any CPU
		{94BD2950-A903-4BA3-9284-4919575C14AF}.Release|x86.Build.0 = Release|Any CPU
		{16030DB2-EA51-4162-8629-7BBDA0887B1A}.Debug|Any CPU.ActiveCfg = Debug|Any CPU
		{16030DB2-EA51-4162-8629-7BBDA0887B1A}.Debug|Any CPU.Build.0 = Debug|Any CPU
		{16030DB2-EA51-4162-8629-7BBDA0887B1A}.Debug|ARM.ActiveCfg = Debug|Any CPU
		{16030DB2-EA51-4162-8629-7BBDA0887B1A}.Debug|ARM.Build.0 = Debug|Any CPU
		{16030DB2-EA51-4162-8629-7BBDA0887B1A}.Debug|ARM64.ActiveCfg = Debug|Any CPU
		{16030DB2-EA51-4162-8629-7BBDA0887B1A}.Debug|ARM64.Build.0 = Debug|Any CPU
		{16030DB2-EA51-4162-8629-7BBDA0887B1A}.Debug|iPhone.ActiveCfg = Debug|Any CPU
		{16030DB2-EA51-4162-8629-7BBDA0887B1A}.Debug|iPhone.Build.0 = Debug|Any CPU
		{16030DB2-EA51-4162-8629-7BBDA0887B1A}.Debug|iPhoneSimulator.ActiveCfg = Debug|Any CPU
		{16030DB2-EA51-4162-8629-7BBDA0887B1A}.Debug|iPhoneSimulator.Build.0 = Debug|Any CPU
		{16030DB2-EA51-4162-8629-7BBDA0887B1A}.Debug|x64.ActiveCfg = Debug|Any CPU
		{16030DB2-EA51-4162-8629-7BBDA0887B1A}.Debug|x64.Build.0 = Debug|Any CPU
		{16030DB2-EA51-4162-8629-7BBDA0887B1A}.Debug|x86.ActiveCfg = Debug|Any CPU
		{16030DB2-EA51-4162-8629-7BBDA0887B1A}.Debug|x86.Build.0 = Debug|Any CPU
		{16030DB2-EA51-4162-8629-7BBDA0887B1A}.Release|Any CPU.ActiveCfg = Release|Any CPU
		{16030DB2-EA51-4162-8629-7BBDA0887B1A}.Release|Any CPU.Build.0 = Release|Any CPU
		{16030DB2-EA51-4162-8629-7BBDA0887B1A}.Release|ARM.ActiveCfg = Release|Any CPU
		{16030DB2-EA51-4162-8629-7BBDA0887B1A}.Release|ARM.Build.0 = Release|Any CPU
		{16030DB2-EA51-4162-8629-7BBDA0887B1A}.Release|ARM64.ActiveCfg = Release|Any CPU
		{16030DB2-EA51-4162-8629-7BBDA0887B1A}.Release|ARM64.Build.0 = Release|Any CPU
		{16030DB2-EA51-4162-8629-7BBDA0887B1A}.Release|iPhone.ActiveCfg = Release|Any CPU
		{16030DB2-EA51-4162-8629-7BBDA0887B1A}.Release|iPhone.Build.0 = Release|Any CPU
		{16030DB2-EA51-4162-8629-7BBDA0887B1A}.Release|iPhoneSimulator.ActiveCfg = Release|Any CPU
		{16030DB2-EA51-4162-8629-7BBDA0887B1A}.Release|iPhoneSimulator.Build.0 = Release|Any CPU
		{16030DB2-EA51-4162-8629-7BBDA0887B1A}.Release|x64.ActiveCfg = Release|Any CPU
		{16030DB2-EA51-4162-8629-7BBDA0887B1A}.Release|x64.Build.0 = Release|Any CPU
		{16030DB2-EA51-4162-8629-7BBDA0887B1A}.Release|x86.ActiveCfg = Release|Any CPU
		{16030DB2-EA51-4162-8629-7BBDA0887B1A}.Release|x86.Build.0 = Release|Any CPU
		{6F84778C-F861-4F36-9FEB-DE3E153343D6}.Debug|Any CPU.ActiveCfg = Debug|Any CPU
		{6F84778C-F861-4F36-9FEB-DE3E153343D6}.Debug|Any CPU.Build.0 = Debug|Any CPU
		{6F84778C-F861-4F36-9FEB-DE3E153343D6}.Debug|ARM.ActiveCfg = Debug|Any CPU
		{6F84778C-F861-4F36-9FEB-DE3E153343D6}.Debug|ARM.Build.0 = Debug|Any CPU
		{6F84778C-F861-4F36-9FEB-DE3E153343D6}.Debug|ARM64.ActiveCfg = Debug|Any CPU
		{6F84778C-F861-4F36-9FEB-DE3E153343D6}.Debug|ARM64.Build.0 = Debug|Any CPU
		{6F84778C-F861-4F36-9FEB-DE3E153343D6}.Debug|iPhone.ActiveCfg = Debug|Any CPU
		{6F84778C-F861-4F36-9FEB-DE3E153343D6}.Debug|iPhone.Build.0 = Debug|Any CPU
		{6F84778C-F861-4F36-9FEB-DE3E153343D6}.Debug|iPhoneSimulator.ActiveCfg = Debug|Any CPU
		{6F84778C-F861-4F36-9FEB-DE3E153343D6}.Debug|iPhoneSimulator.Build.0 = Debug|Any CPU
		{6F84778C-F861-4F36-9FEB-DE3E153343D6}.Debug|x64.ActiveCfg = Debug|Any CPU
		{6F84778C-F861-4F36-9FEB-DE3E153343D6}.Debug|x64.Build.0 = Debug|Any CPU
		{6F84778C-F861-4F36-9FEB-DE3E153343D6}.Debug|x86.ActiveCfg = Debug|Any CPU
		{6F84778C-F861-4F36-9FEB-DE3E153343D6}.Debug|x86.Build.0 = Debug|Any CPU
		{6F84778C-F861-4F36-9FEB-DE3E153343D6}.Release|Any CPU.ActiveCfg = Release|Any CPU
		{6F84778C-F861-4F36-9FEB-DE3E153343D6}.Release|Any CPU.Build.0 = Release|Any CPU
		{6F84778C-F861-4F36-9FEB-DE3E153343D6}.Release|ARM.ActiveCfg = Release|Any CPU
		{6F84778C-F861-4F36-9FEB-DE3E153343D6}.Release|ARM.Build.0 = Release|Any CPU
		{6F84778C-F861-4F36-9FEB-DE3E153343D6}.Release|ARM64.ActiveCfg = Release|Any CPU
		{6F84778C-F861-4F36-9FEB-DE3E153343D6}.Release|ARM64.Build.0 = Release|Any CPU
		{6F84778C-F861-4F36-9FEB-DE3E153343D6}.Release|iPhone.ActiveCfg = Release|Any CPU
		{6F84778C-F861-4F36-9FEB-DE3E153343D6}.Release|iPhone.Build.0 = Release|Any CPU
		{6F84778C-F861-4F36-9FEB-DE3E153343D6}.Release|iPhoneSimulator.ActiveCfg = Release|Any CPU
		{6F84778C-F861-4F36-9FEB-DE3E153343D6}.Release|iPhoneSimulator.Build.0 = Release|Any CPU
		{6F84778C-F861-4F36-9FEB-DE3E153343D6}.Release|x64.ActiveCfg = Release|Any CPU
		{6F84778C-F861-4F36-9FEB-DE3E153343D6}.Release|x64.Build.0 = Release|Any CPU
		{6F84778C-F861-4F36-9FEB-DE3E153343D6}.Release|x86.ActiveCfg = Release|Any CPU
		{6F84778C-F861-4F36-9FEB-DE3E153343D6}.Release|x86.Build.0 = Release|Any CPU
	EndGlobalSection
	GlobalSection(SolutionProperties) = preSolution
		HideSolutionNode = FALSE
	EndGlobalSection
	GlobalSection(ExtensibilityGlobals) = postSolution
		SolutionGuid = {F062557E-F2BD-4056-AEF3-AF1EFEE4A51B}
	EndGlobalSection
EndGlobal
