
Microsoft Visual Studio Solution File, Format Version 12.00
# Visual Studio Version 16
VisualStudioVersion = 16.0.29409.12
MinimumVisualStudioVersion = 10.0.40219.1
Project("{9A19103F-16F7-4668-BE54-9A1E7A4F7556}") = "Blauhaus.DeviceServices.Abstractions", "Blauhaus.DeviceServices.Abstractions\Blauhaus.DeviceServices.Abstractions.csproj", "{6F9EDA29-FCD3-4189-B215-F2F9BFE71FD8}"
EndProject
Project("{9A19103F-16F7-4668-BE54-9A1E7A4F7556}") = "Blauhaus.DeviceServices", "Blauhaus.DeviceServices\Blauhaus.DeviceServices.csproj", "{FA738771-F806-4006-A104-4E5BBE57C03B}"
EndProject
Project("{2150E333-8FDC-42A3-9474-1A3956D46DE8}") = "Solution Items", "Solution Items", "{2B72F5BF-F37D-44D6-8245-A4BB4B4803D4}"
	ProjectSection(SolutionItems) = preProject
		..\.pipelines\azure-uwp.yml = ..\.pipelines\azure-uwp.yml
	EndProjectSection
EndProject
Project("{FAE04EC0-301F-11D3-BF4B-00C04F79EFBC}") = "Blauhaus.DeviceServices.Common", "Blauhaus.DeviceServices.Common\Blauhaus.DeviceServices.Common.csproj", "{0E6EB9CD-CDD3-4DC4-8A3E-A63B5CA8CDA4}"
EndProject
Project("{2150E333-8FDC-42A3-9474-1A3956D46DE8}") = "TestProject", "TestProject", "{80E77CC2-E898-4287-9000-E0C6CA732E19}"
EndProject
Project("{FAE04EC0-301F-11D3-BF4B-00C04F79EFBC}") = "Blauhaus.DeviceServices.Test.UWP", "TestProject\Blauhaus.DeviceServices.Test\Blauhaus.DeviceServices.Test.UWP\Blauhaus.DeviceServices.Test.UWP.csproj", "{D6259BEF-4367-477F-8D93-D34388637022}"
EndProject
Project("{FAE04EC0-301F-11D3-BF4B-00C04F79EFBC}") = "Blauhaus.DeviceServices.Test.Android", "TestProject\Blauhaus.DeviceServices.Test\Blauhaus.DeviceServices.Test.Android\Blauhaus.DeviceServices.Test.Android.csproj", "{EE267F12-41B1-401D-A3F5-2312519DA2FA}"
EndProject
Project("{FAE04EC0-301F-11D3-BF4B-00C04F79EFBC}") = "Blauhaus.DeviceServices.Test.iOS", "TestProject\Blauhaus.DeviceServices.Test\Blauhaus.DeviceServices.Test.iOS\Blauhaus.DeviceServices.Test.iOS.csproj", "{73EE148A-A0B7-4FD4-9814-802D670B1DA2}"
EndProject
Project("{FAE04EC0-301F-11D3-BF4B-00C04F79EFBC}") = "Blauhaus.DeviceServices.Test", "TestProject\Blauhaus.DeviceServices.Test\Blauhaus.DeviceServices.Test\Blauhaus.DeviceServices.Test.csproj", "{9F1EEAC0-B738-4ED7-A3B2-2325622CD6DA}"
EndProject
Global
	GlobalSection(SolutionConfigurationPlatforms) = preSolution
		Debug|Any CPU = Debug|Any CPU
		Debug|ARM = Debug|ARM
		Debug|ARM64 = Debug|ARM64
		Debug|iPhone = Debug|iPhone
		Debug|iPhoneSimulator = Debug|iPhoneSimulator
		Debug|x64 = Debug|x64
		Debug|x86 = Debug|x86
		Release|Any CPU = Release|Any CPU
		Release|ARM = Release|ARM
		Release|ARM64 = Release|ARM64
		Release|iPhone = Release|iPhone
		Release|iPhoneSimulator = Release|iPhoneSimulator
		Release|x64 = Release|x64
		Release|x86 = Release|x86
	EndGlobalSection
	GlobalSection(ProjectConfigurationPlatforms) = postSolution
		{6F9EDA29-FCD3-4189-B215-F2F9BFE71FD8}.Debug|Any CPU.ActiveCfg = Debug|Any CPU
		{6F9EDA29-FCD3-4189-B215-F2F9BFE71FD8}.Debug|Any CPU.Build.0 = Debug|Any CPU
		{6F9EDA29-FCD3-4189-B215-F2F9BFE71FD8}.Debug|ARM.ActiveCfg = Debug|Any CPU
		{6F9EDA29-FCD3-4189-B215-F2F9BFE71FD8}.Debug|ARM.Build.0 = Debug|Any CPU
		{6F9EDA29-FCD3-4189-B215-F2F9BFE71FD8}.Debug|ARM64.ActiveCfg = Debug|Any CPU
		{6F9EDA29-FCD3-4189-B215-F2F9BFE71FD8}.Debug|ARM64.Build.0 = Debug|Any CPU
		{6F9EDA29-FCD3-4189-B215-F2F9BFE71FD8}.Debug|iPhone.ActiveCfg = Debug|Any CPU
		{6F9EDA29-FCD3-4189-B215-F2F9BFE71FD8}.Debug|iPhone.Build.0 = Debug|Any CPU
		{6F9EDA29-FCD3-4189-B215-F2F9BFE71FD8}.Debug|iPhoneSimulator.ActiveCfg = Debug|Any CPU
		{6F9EDA29-FCD3-4189-B215-F2F9BFE71FD8}.Debug|iPhoneSimulator.Build.0 = Debug|Any CPU
		{6F9EDA29-FCD3-4189-B215-F2F9BFE71FD8}.Debug|x64.ActiveCfg = Debug|Any CPU
		{6F9EDA29-FCD3-4189-B215-F2F9BFE71FD8}.Debug|x64.Build.0 = Debug|Any CPU
		{6F9EDA29-FCD3-4189-B215-F2F9BFE71FD8}.Debug|x86.ActiveCfg = Debug|Any CPU
		{6F9EDA29-FCD3-4189-B215-F2F9BFE71FD8}.Debug|x86.Build.0 = Debug|Any CPU
		{6F9EDA29-FCD3-4189-B215-F2F9BFE71FD8}.Release|Any CPU.ActiveCfg = Release|Any CPU
		{6F9EDA29-FCD3-4189-B215-F2F9BFE71FD8}.Release|Any CPU.Build.0 = Release|Any CPU
		{6F9EDA29-FCD3-4189-B215-F2F9BFE71FD8}.Release|ARM.ActiveCfg = Release|Any CPU
		{6F9EDA29-FCD3-4189-B215-F2F9BFE71FD8}.Release|ARM.Build.0 = Release|Any CPU
		{6F9EDA29-FCD3-4189-B215-F2F9BFE71FD8}.Release|ARM64.ActiveCfg = Release|Any CPU
		{6F9EDA29-FCD3-4189-B215-F2F9BFE71FD8}.Release|ARM64.Build.0 = Release|Any CPU
		{6F9EDA29-FCD3-4189-B215-F2F9BFE71FD8}.Release|iPhone.ActiveCfg = Release|Any CPU
		{6F9EDA29-FCD3-4189-B215-F2F9BFE71FD8}.Release|iPhone.Build.0 = Release|Any CPU
		{6F9EDA29-FCD3-4189-B215-F2F9BFE71FD8}.Release|iPhoneSimulator.ActiveCfg = Release|Any CPU
		{6F9EDA29-FCD3-4189-B215-F2F9BFE71FD8}.Release|iPhoneSimulator.Build.0 = Release|Any CPU
		{6F9EDA29-FCD3-4189-B215-F2F9BFE71FD8}.Release|x64.ActiveCfg = Release|Any CPU
		{6F9EDA29-FCD3-4189-B215-F2F9BFE71FD8}.Release|x64.Build.0 = Release|Any CPU
		{6F9EDA29-FCD3-4189-B215-F2F9BFE71FD8}.Release|x86.ActiveCfg = Release|Any CPU
		{6F9EDA29-FCD3-4189-B215-F2F9BFE71FD8}.Release|x86.Build.0 = Release|Any CPU
		{FA738771-F806-4006-A104-4E5BBE57C03B}.Debug|Any CPU.ActiveCfg = Debug|Any CPU
		{FA738771-F806-4006-A104-4E5BBE57C03B}.Debug|Any CPU.Build.0 = Debug|Any CPU
		{FA738771-F806-4006-A104-4E5BBE57C03B}.Debug|ARM.ActiveCfg = Debug|Any CPU
		{FA738771-F806-4006-A104-4E5BBE57C03B}.Debug|ARM.Build.0 = Debug|Any CPU
		{FA738771-F806-4006-A104-4E5BBE57C03B}.Debug|ARM64.ActiveCfg = Debug|Any CPU
		{FA738771-F806-4006-A104-4E5BBE57C03B}.Debug|ARM64.Build.0 = Debug|Any CPU
		{FA738771-F806-4006-A104-4E5BBE57C03B}.Debug|iPhone.ActiveCfg = Debug|Any CPU
		{FA738771-F806-4006-A104-4E5BBE57C03B}.Debug|iPhone.Build.0 = Debug|Any CPU
		{FA738771-F806-4006-A104-4E5BBE57C03B}.Debug|iPhoneSimulator.ActiveCfg = Debug|Any CPU
		{FA738771-F806-4006-A104-4E5BBE57C03B}.Debug|iPhoneSimulator.Build.0 = Debug|Any CPU
		{FA738771-F806-4006-A104-4E5BBE57C03B}.Debug|x64.ActiveCfg = Debug|Any CPU
		{FA738771-F806-4006-A104-4E5BBE57C03B}.Debug|x64.Build.0 = Debug|Any CPU
		{FA738771-F806-4006-A104-4E5BBE57C03B}.Debug|x86.ActiveCfg = Debug|Any CPU
		{FA738771-F806-4006-A104-4E5BBE57C03B}.Debug|x86.Build.0 = Debug|Any CPU
		{FA738771-F806-4006-A104-4E5BBE57C03B}.Release|Any CPU.ActiveCfg = Release|Any CPU
		{FA738771-F806-4006-A104-4E5BBE57C03B}.Release|Any CPU.Build.0 = Release|Any CPU
		{FA738771-F806-4006-A104-4E5BBE57C03B}.Release|ARM.ActiveCfg = Release|Any CPU
		{FA738771-F806-4006-A104-4E5BBE57C03B}.Release|ARM.Build.0 = Release|Any CPU
		{FA738771-F806-4006-A104-4E5BBE57C03B}.Release|ARM64.ActiveCfg = Release|Any CPU
		{FA738771-F806-4006-A104-4E5BBE57C03B}.Release|ARM64.Build.0 = Release|Any CPU
		{FA738771-F806-4006-A104-4E5BBE57C03B}.Release|iPhone.ActiveCfg = Release|Any CPU
		{FA738771-F806-4006-A104-4E5BBE57C03B}.Release|iPhone.Build.0 = Release|Any CPU
		{FA738771-F806-4006-A104-4E5BBE57C03B}.Release|iPhoneSimulator.ActiveCfg = Release|Any CPU
		{FA738771-F806-4006-A104-4E5BBE57C03B}.Release|iPhoneSimulator.Build.0 = Release|Any CPU
		{FA738771-F806-4006-A104-4E5BBE57C03B}.Release|x64.ActiveCfg = Release|Any CPU
		{FA738771-F806-4006-A104-4E5BBE57C03B}.Release|x64.Build.0 = Release|Any CPU
		{FA738771-F806-4006-A104-4E5BBE57C03B}.Release|x86.ActiveCfg = Release|Any CPU
		{FA738771-F806-4006-A104-4E5BBE57C03B}.Release|x86.Build.0 = Release|Any CPU
		{0E6EB9CD-CDD3-4DC4-8A3E-A63B5CA8CDA4}.Debug|Any CPU.ActiveCfg = Debug|Any CPU
		{0E6EB9CD-CDD3-4DC4-8A3E-A63B5CA8CDA4}.Debug|Any CPU.Build.0 = Debug|Any CPU
		{0E6EB9CD-CDD3-4DC4-8A3E-A63B5CA8CDA4}.Debug|ARM.ActiveCfg = Debug|Any CPU
		{0E6EB9CD-CDD3-4DC4-8A3E-A63B5CA8CDA4}.Debug|ARM.Build.0 = Debug|Any CPU
		{0E6EB9CD-CDD3-4DC4-8A3E-A63B5CA8CDA4}.Debug|ARM64.ActiveCfg = Debug|Any CPU
		{0E6EB9CD-CDD3-4DC4-8A3E-A63B5CA8CDA4}.Debug|ARM64.Build.0 = Debug|Any CPU
		{0E6EB9CD-CDD3-4DC4-8A3E-A63B5CA8CDA4}.Debug|iPhone.ActiveCfg = Debug|Any CPU
		{0E6EB9CD-CDD3-4DC4-8A3E-A63B5CA8CDA4}.Debug|iPhone.Build.0 = Debug|Any CPU
		{0E6EB9CD-CDD3-4DC4-8A3E-A63B5CA8CDA4}.Debug|iPhoneSimulator.ActiveCfg = Debug|Any CPU
		{0E6EB9CD-CDD3-4DC4-8A3E-A63B5CA8CDA4}.Debug|iPhoneSimulator.Build.0 = Debug|Any CPU
		{0E6EB9CD-CDD3-4DC4-8A3E-A63B5CA8CDA4}.Debug|x64.ActiveCfg = Debug|Any CPU
		{0E6EB9CD-CDD3-4DC4-8A3E-A63B5CA8CDA4}.Debug|x64.Build.0 = Debug|Any CPU
		{0E6EB9CD-CDD3-4DC4-8A3E-A63B5CA8CDA4}.Debug|x86.ActiveCfg = Debug|Any CPU
		{0E6EB9CD-CDD3-4DC4-8A3E-A63B5CA8CDA4}.Debug|x86.Build.0 = Debug|Any CPU
		{0E6EB9CD-CDD3-4DC4-8A3E-A63B5CA8CDA4}.Release|Any CPU.ActiveCfg = Release|Any CPU
		{0E6EB9CD-CDD3-4DC4-8A3E-A63B5CA8CDA4}.Release|Any CPU.Build.0 = Release|Any CPU
		{0E6EB9CD-CDD3-4DC4-8A3E-A63B5CA8CDA4}.Release|ARM.ActiveCfg = Release|Any CPU
		{0E6EB9CD-CDD3-4DC4-8A3E-A63B5CA8CDA4}.Release|ARM.Build.0 = Release|Any CPU
		{0E6EB9CD-CDD3-4DC4-8A3E-A63B5CA8CDA4}.Release|ARM64.ActiveCfg = Release|Any CPU
		{0E6EB9CD-CDD3-4DC4-8A3E-A63B5CA8CDA4}.Release|ARM64.Build.0 = Release|Any CPU
		{0E6EB9CD-CDD3-4DC4-8A3E-A63B5CA8CDA4}.Release|iPhone.ActiveCfg = Release|Any CPU
		{0E6EB9CD-CDD3-4DC4-8A3E-A63B5CA8CDA4}.Release|iPhone.Build.0 = Release|Any CPU
		{0E6EB9CD-CDD3-4DC4-8A3E-A63B5CA8CDA4}.Release|iPhoneSimulator.ActiveCfg = Release|Any CPU
		{0E6EB9CD-CDD3-4DC4-8A3E-A63B5CA8CDA4}.Release|iPhoneSimulator.Build.0 = Release|Any CPU
		{0E6EB9CD-CDD3-4DC4-8A3E-A63B5CA8CDA4}.Release|x64.ActiveCfg = Release|Any CPU
		{0E6EB9CD-CDD3-4DC4-8A3E-A63B5CA8CDA4}.Release|x64.Build.0 = Release|Any CPU
		{0E6EB9CD-CDD3-4DC4-8A3E-A63B5CA8CDA4}.Release|x86.ActiveCfg = Release|Any CPU
		{0E6EB9CD-CDD3-4DC4-8A3E-A63B5CA8CDA4}.Release|x86.Build.0 = Release|Any CPU
		{D6259BEF-4367-477F-8D93-D34388637022}.Debug|Any CPU.ActiveCfg = Debug|x86
		{D6259BEF-4367-477F-8D93-D34388637022}.Debug|Any CPU.Build.0 = Debug|x86
		{D6259BEF-4367-477F-8D93-D34388637022}.Debug|Any CPU.Deploy.0 = Debug|x86
		{D6259BEF-4367-477F-8D93-D34388637022}.Debug|ARM.ActiveCfg = Debug|ARM
		{D6259BEF-4367-477F-8D93-D34388637022}.Debug|ARM.Build.0 = Debug|ARM
		{D6259BEF-4367-477F-8D93-D34388637022}.Debug|ARM.Deploy.0 = Debug|ARM
		{D6259BEF-4367-477F-8D93-D34388637022}.Debug|ARM64.ActiveCfg = Debug|x86
		{D6259BEF-4367-477F-8D93-D34388637022}.Debug|iPhone.ActiveCfg = Debug|x86
		{D6259BEF-4367-477F-8D93-D34388637022}.Debug|iPhoneSimulator.ActiveCfg = Debug|x86
		{D6259BEF-4367-477F-8D93-D34388637022}.Debug|x64.ActiveCfg = Debug|x64
		{D6259BEF-4367-477F-8D93-D34388637022}.Debug|x64.Build.0 = Debug|x64
		{D6259BEF-4367-477F-8D93-D34388637022}.Debug|x64.Deploy.0 = Debug|x64
		{D6259BEF-4367-477F-8D93-D34388637022}.Debug|x86.ActiveCfg = Debug|x86
		{D6259BEF-4367-477F-8D93-D34388637022}.Debug|x86.Build.0 = Debug|x86
		{D6259BEF-4367-477F-8D93-D34388637022}.Debug|x86.Deploy.0 = Debug|x86
		{D6259BEF-4367-477F-8D93-D34388637022}.Release|Any CPU.ActiveCfg = Release|x86
		{D6259BEF-4367-477F-8D93-D34388637022}.Release|ARM.ActiveCfg = Release|ARM
		{D6259BEF-4367-477F-8D93-D34388637022}.Release|ARM64.ActiveCfg = Release|x86
		{D6259BEF-4367-477F-8D93-D34388637022}.Release|iPhone.ActiveCfg = Release|x86
		{D6259BEF-4367-477F-8D93-D34388637022}.Release|iPhoneSimulator.ActiveCfg = Release|x86
		{D6259BEF-4367-477F-8D93-D34388637022}.Release|x64.ActiveCfg = Release|x64
		{D6259BEF-4367-477F-8D93-D34388637022}.Release|x86.ActiveCfg = Release|x86
		{EE267F12-41B1-401D-A3F5-2312519DA2FA}.Debug|Any CPU.ActiveCfg = Debug|Any CPU
		{EE267F12-41B1-401D-A3F5-2312519DA2FA}.Debug|Any CPU.Build.0 = Debug|Any CPU
		{EE267F12-41B1-401D-A3F5-2312519DA2FA}.Debug|Any CPU.Deploy.0 = Debug|Any CPU
		{EE267F12-41B1-401D-A3F5-2312519DA2FA}.Debug|ARM.ActiveCfg = Debug|Any CPU
		{EE267F12-41B1-401D-A3F5-2312519DA2FA}.Debug|ARM.Build.0 = Debug|Any CPU
		{EE267F12-41B1-401D-A3F5-2312519DA2FA}.Debug|ARM.Deploy.0 = Debug|Any CPU
		{EE267F12-41B1-401D-A3F5-2312519DA2FA}.Debug|ARM64.ActiveCfg = Debug|Any CPU
		{EE267F12-41B1-401D-A3F5-2312519DA2FA}.Debug|ARM64.Build.0 = Debug|Any CPU
		{EE267F12-41B1-401D-A3F5-2312519DA2FA}.Debug|ARM64.Deploy.0 = Debug|Any CPU
		{EE267F12-41B1-401D-A3F5-2312519DA2FA}.Debug|iPhone.ActiveCfg = Debug|Any CPU
		{EE267F12-41B1-401D-A3F5-2312519DA2FA}.Debug|iPhone.Build.0 = Debug|Any CPU
		{EE267F12-41B1-401D-A3F5-2312519DA2FA}.Debug|iPhone.Deploy.0 = Debug|Any CPU
		{EE267F12-41B1-401D-A3F5-2312519DA2FA}.Debug|iPhoneSimulator.ActiveCfg = Debug|Any CPU
		{EE267F12-41B1-401D-A3F5-2312519DA2FA}.Debug|iPhoneSimulator.Build.0 = Debug|Any CPU
		{EE267F12-41B1-401D-A3F5-2312519DA2FA}.Debug|iPhoneSimulator.Deploy.0 = Debug|Any CPU
		{EE267F12-41B1-401D-A3F5-2312519DA2FA}.Debug|x64.ActiveCfg = Debug|Any CPU
		{EE267F12-41B1-401D-A3F5-2312519DA2FA}.Debug|x64.Build.0 = Debug|Any CPU
		{EE267F12-41B1-401D-A3F5-2312519DA2FA}.Debug|x64.Deploy.0 = Debug|Any CPU
		{EE267F12-41B1-401D-A3F5-2312519DA2FA}.Debug|x86.ActiveCfg = Debug|Any CPU
		{EE267F12-41B1-401D-A3F5-2312519DA2FA}.Debug|x86.Build.0 = Debug|Any CPU
		{EE267F12-41B1-401D-A3F5-2312519DA2FA}.Debug|x86.Deploy.0 = Debug|Any CPU
		{EE267F12-41B1-401D-A3F5-2312519DA2FA}.Release|Any CPU.ActiveCfg = Release|Any CPU
		{EE267F12-41B1-401D-A3F5-2312519DA2FA}.Release|ARM.ActiveCfg = Release|Any CPU
		{EE267F12-41B1-401D-A3F5-2312519DA2FA}.Release|ARM64.ActiveCfg = Release|Any CPU
		{EE267F12-41B1-401D-A3F5-2312519DA2FA}.Release|ARM64.Build.0 = Release|Any CPU
		{EE267F12-41B1-401D-A3F5-2312519DA2FA}.Release|ARM64.Deploy.0 = Release|Any CPU
		{EE267F12-41B1-401D-A3F5-2312519DA2FA}.Release|iPhone.ActiveCfg = Release|Any CPU
		{EE267F12-41B1-401D-A3F5-2312519DA2FA}.Release|iPhoneSimulator.ActiveCfg = Release|Any CPU
		{EE267F12-41B1-401D-A3F5-2312519DA2FA}.Release|x64.ActiveCfg = Release|Any CPU
		{EE267F12-41B1-401D-A3F5-2312519DA2FA}.Release|x86.ActiveCfg = Release|Any CPU
		{73EE148A-A0B7-4FD4-9814-802D670B1DA2}.Debug|Any CPU.ActiveCfg = Debug|iPhone
		{73EE148A-A0B7-4FD4-9814-802D670B1DA2}.Debug|Any CPU.Build.0 = Debug|iPhone
		{73EE148A-A0B7-4FD4-9814-802D670B1DA2}.Debug|Any CPU.Deploy.0 = Debug|iPhone
		{73EE148A-A0B7-4FD4-9814-802D670B1DA2}.Debug|ARM.ActiveCfg = Debug|iPhone
		{73EE148A-A0B7-4FD4-9814-802D670B1DA2}.Debug|ARM64.ActiveCfg = Debug|iPhone
		{73EE148A-A0B7-4FD4-9814-802D670B1DA2}.Debug|iPhone.ActiveCfg = Debug|iPhone
		{73EE148A-A0B7-4FD4-9814-802D670B1DA2}.Debug|iPhone.Build.0 = Debug|iPhone
		{73EE148A-A0B7-4FD4-9814-802D670B1DA2}.Debug|iPhoneSimulator.ActiveCfg = Debug|iPhoneSimulator
		{73EE148A-A0B7-4FD4-9814-802D670B1DA2}.Debug|iPhoneSimulator.Build.0 = Debug|iPhoneSimulator
		{73EE148A-A0B7-4FD4-9814-802D670B1DA2}.Debug|x64.ActiveCfg = Debug|iPhone
		{73EE148A-A0B7-4FD4-9814-802D670B1DA2}.Debug|x86.ActiveCfg = Debug|iPhone
		{73EE148A-A0B7-4FD4-9814-802D670B1DA2}.Debug|x86.Build.0 = Debug|iPhone
		{73EE148A-A0B7-4FD4-9814-802D670B1DA2}.Debug|x86.Deploy.0 = Debug|iPhone
		{73EE148A-A0B7-4FD4-9814-802D670B1DA2}.Release|Any CPU.ActiveCfg = Release|iPhone
		{73EE148A-A0B7-4FD4-9814-802D670B1DA2}.Release|ARM.ActiveCfg = Release|iPhone
		{73EE148A-A0B7-4FD4-9814-802D670B1DA2}.Release|ARM64.ActiveCfg = Release|iPhone
		{73EE148A-A0B7-4FD4-9814-802D670B1DA2}.Release|iPhone.ActiveCfg = Release|iPhone
		{73EE148A-A0B7-4FD4-9814-802D670B1DA2}.Release|iPhoneSimulator.ActiveCfg = Release|iPhoneSimulator
		{73EE148A-A0B7-4FD4-9814-802D670B1DA2}.Release|x64.ActiveCfg = Release|iPhone
		{73EE148A-A0B7-4FD4-9814-802D670B1DA2}.Release|x86.ActiveCfg = Release|iPhone
		{9F1EEAC0-B738-4ED7-A3B2-2325622CD6DA}.Debug|Any CPU.ActiveCfg = Debug|Any CPU
		{9F1EEAC0-B738-4ED7-A3B2-2325622CD6DA}.Debug|Any CPU.Build.0 = Debug|Any CPU
		{9F1EEAC0-B738-4ED7-A3B2-2325622CD6DA}.Debug|ARM.ActiveCfg = Debug|Any CPU
		{9F1EEAC0-B738-4ED7-A3B2-2325622CD6DA}.Debug|ARM.Build.0 = Debug|Any CPU
		{9F1EEAC0-B738-4ED7-A3B2-2325622CD6DA}.Debug|ARM64.ActiveCfg = Debug|Any CPU
		{9F1EEAC0-B738-4ED7-A3B2-2325622CD6DA}.Debug|ARM64.Build.0 = Debug|Any CPU
		{9F1EEAC0-B738-4ED7-A3B2-2325622CD6DA}.Debug|iPhone.ActiveCfg = Debug|Any CPU
		{9F1EEAC0-B738-4ED7-A3B2-2325622CD6DA}.Debug|iPhone.Build.0 = Debug|Any CPU
		{9F1EEAC0-B738-4ED7-A3B2-2325622CD6DA}.Debug|iPhoneSimulator.ActiveCfg = Debug|Any CPU
		{9F1EEAC0-B738-4ED7-A3B2-2325622CD6DA}.Debug|iPhoneSimulator.Build.0 = Debug|Any CPU
		{9F1EEAC0-B738-4ED7-A3B2-2325622CD6DA}.Debug|x64.ActiveCfg = Debug|Any CPU
		{9F1EEAC0-B738-4ED7-A3B2-2325622CD6DA}.Debug|x64.Build.0 = Debug|Any CPU
		{9F1EEAC0-B738-4ED7-A3B2-2325622CD6DA}.Debug|x86.ActiveCfg = Debug|Any CPU
		{9F1EEAC0-B738-4ED7-A3B2-2325622CD6DA}.Debug|x86.Build.0 = Debug|Any CPU
		{9F1EEAC0-B738-4ED7-A3B2-2325622CD6DA}.Release|Any CPU.ActiveCfg = Release|Any CPU
		{9F1EEAC0-B738-4ED7-A3B2-2325622CD6DA}.Release|ARM.ActiveCfg = Release|Any CPU
		{9F1EEAC0-B738-4ED7-A3B2-2325622CD6DA}.Release|ARM64.ActiveCfg = Release|Any CPU
		{9F1EEAC0-B738-4ED7-A3B2-2325622CD6DA}.Release|ARM64.Build.0 = Release|Any CPU
		{9F1EEAC0-B738-4ED7-A3B2-2325622CD6DA}.Release|iPhone.ActiveCfg = Release|Any CPU
		{9F1EEAC0-B738-4ED7-A3B2-2325622CD6DA}.Release|iPhoneSimulator.ActiveCfg = Release|Any CPU
		{9F1EEAC0-B738-4ED7-A3B2-2325622CD6DA}.Release|x64.ActiveCfg = Release|Any CPU
		{9F1EEAC0-B738-4ED7-A3B2-2325622CD6DA}.Release|x86.ActiveCfg = Release|Any CPU
	EndGlobalSection
	GlobalSection(SolutionProperties) = preSolution
		HideSolutionNode = FALSE
	EndGlobalSection
	GlobalSection(NestedProjects) = preSolution
		{D6259BEF-4367-477F-8D93-D34388637022} = {80E77CC2-E898-4287-9000-E0C6CA732E19}
		{EE267F12-41B1-401D-A3F5-2312519DA2FA} = {80E77CC2-E898-4287-9000-E0C6CA732E19}
		{73EE148A-A0B7-4FD4-9814-802D670B1DA2} = {80E77CC2-E898-4287-9000-E0C6CA732E19}
		{9F1EEAC0-B738-4ED7-A3B2-2325622CD6DA} = {80E77CC2-E898-4287-9000-E0C6CA732E19}
	EndGlobalSection
	GlobalSection(ExtensibilityGlobals) = postSolution
		SolutionGuid = {F062557E-F2BD-4056-AEF3-AF1EFEE4A51B}
	EndGlobalSection
EndGlobal
